// !$*UTF8*$!
{
	archiveVersion = 1;
	classes = {
	};
	objectVersion = 48;
	objects = {

/* Begin PBXBuildFile section */
		341E312127B3CC2E0092BB5C /* FeedViewController.swift in Sources */ = {isa = PBXBuildFile; fileRef = 341E312027B3CC2E0092BB5C /* FeedViewController.swift */; };
		341E312527B3CCA40092BB5C /* FeedTableViewCell.swift in Sources */ = {isa = PBXBuildFile; fileRef = 341E312427B3CCA40092BB5C /* FeedTableViewCell.swift */; };
		3425ED4027B3A58200FCFD2B /* Launch Screen.storyboard in Resources */ = {isa = PBXBuildFile; fileRef = 3425ED3F27B3A58200FCFD2B /* Launch Screen.storyboard */; };
		3425ED4227B3A59100FCFD2B /* Main.storyboard in Resources */ = {isa = PBXBuildFile; fileRef = 3425ED4127B3A59100FCFD2B /* Main.storyboard */; };
		342A5F6027B597410071B16E /* ProfileViewController.swift in Sources */ = {isa = PBXBuildFile; fileRef = 342A5F5F27B597410071B16E /* ProfileViewController.swift */; };
		342A5F6427B680650071B16E /* UserListViewController.swift in Sources */ = {isa = PBXBuildFile; fileRef = 342A5F6327B680650071B16E /* UserListViewController.swift */; };
		34B304A727B8264300DEC7CA /* PostCollectionViewCell.xib in Resources */ = {isa = PBXBuildFile; fileRef = 34B304A627B8264300DEC7CA /* PostCollectionViewCell.xib */; };
		34B304A927B826B300DEC7CA /* PostCollectionViewCell.swift in Sources */ = {isa = PBXBuildFile; fileRef = 34B304A827B826B300DEC7CA /* PostCollectionViewCell.swift */; };
		34F6E5F827BF7167003D3FC8 /* ProfileHeaderView.swift in Sources */ = {isa = PBXBuildFile; fileRef = 34F6E5F727BF7167003D3FC8 /* ProfileHeaderView.swift */; };
		74B79258202B3254006BCB41 /* AppDelegate.swift in Sources */ = {isa = PBXBuildFile; fileRef = 74B79257202B3254006BCB41 /* AppDelegate.swift */; };
		74B7925F202B3254006BCB41 /* Assets.xcassets in Resources */ = {isa = PBXBuildFile; fileRef = 74B7925E202B3254006BCB41 /* Assets.xcassets */; };
		C09E8B02262877CD00D56D86 /* DataProvider.framework in Frameworks */ = {isa = PBXBuildFile; fileRef = C09E8B00262877C600D56D86 /* DataProvider.framework */; };
		C09E8B03262877CD00D56D86 /* DataProvider.framework in Embed Frameworks */ = {isa = PBXBuildFile; fileRef = C09E8B00262877C600D56D86 /* DataProvider.framework */; settings = {ATTRIBUTES = (CodeSignOnCopy, RemoveHeadersOnCopy, ); }; };
/* End PBXBuildFile section */

/* Begin PBXCopyFilesBuildPhase section */
		74B7927A202B33EA006BCB41 /* Embed Frameworks */ = {
			isa = PBXCopyFilesBuildPhase;
			buildActionMask = 2147483647;
			dstPath = "";
			dstSubfolderSpec = 10;
			files = (
				C09E8B03262877CD00D56D86 /* DataProvider.framework in Embed Frameworks */,
			);
			name = "Embed Frameworks";
			runOnlyForDeploymentPostprocessing = 0;
		};
/* End PBXCopyFilesBuildPhase section */

/* Begin PBXFileReference section */
		341E312027B3CC2E0092BB5C /* FeedViewController.swift */ = {isa = PBXFileReference; lastKnownFileType = sourcecode.swift; path = FeedViewController.swift; sourceTree = "<group>"; };
		341E312427B3CCA40092BB5C /* FeedTableViewCell.swift */ = {isa = PBXFileReference; lastKnownFileType = sourcecode.swift; path = FeedTableViewCell.swift; sourceTree = "<group>"; };
		3425ED3F27B3A58200FCFD2B /* Launch Screen.storyboard */ = {isa = PBXFileReference; lastKnownFileType = file.storyboard; path = "Launch Screen.storyboard"; sourceTree = "<group>"; };
		3425ED4127B3A59100FCFD2B /* Main.storyboard */ = {isa = PBXFileReference; lastKnownFileType = file.storyboard; path = Main.storyboard; sourceTree = "<group>"; };
		342A5F5F27B597410071B16E /* ProfileViewController.swift */ = {isa = PBXFileReference; lastKnownFileType = sourcecode.swift; path = ProfileViewController.swift; sourceTree = "<group>"; };
		342A5F6327B680650071B16E /* UserListViewController.swift */ = {isa = PBXFileReference; lastKnownFileType = sourcecode.swift; path = UserListViewController.swift; sourceTree = "<group>"; };
		34B304A627B8264300DEC7CA /* PostCollectionViewCell.xib */ = {isa = PBXFileReference; lastKnownFileType = file.xib; path = PostCollectionViewCell.xib; sourceTree = "<group>"; };
		34B304A827B826B300DEC7CA /* PostCollectionViewCell.swift */ = {isa = PBXFileReference; lastKnownFileType = sourcecode.swift; path = PostCollectionViewCell.swift; sourceTree = "<group>"; };
		34F6E5F727BF7167003D3FC8 /* ProfileHeaderView.swift */ = {isa = PBXFileReference; lastKnownFileType = sourcecode.swift; path = ProfileHeaderView.swift; sourceTree = "<group>"; };
		74B79254202B3254006BCB41 /* Course2FinalTask.app */ = {isa = PBXFileReference; explicitFileType = wrapper.application; includeInIndex = 0; path = Course2FinalTask.app; sourceTree = BUILT_PRODUCTS_DIR; };
		74B79257202B3254006BCB41 /* AppDelegate.swift */ = {isa = PBXFileReference; lastKnownFileType = sourcecode.swift; path = AppDelegate.swift; sourceTree = "<group>"; };
		74B7925E202B3254006BCB41 /* Assets.xcassets */ = {isa = PBXFileReference; lastKnownFileType = folder.assetcatalog; path = Assets.xcassets; sourceTree = "<group>"; };
		74B79263202B3254006BCB41 /* Info.plist */ = {isa = PBXFileReference; lastKnownFileType = text.plist.xml; path = Info.plist; sourceTree = "<group>"; };
		C09E8B00262877C600D56D86 /* DataProvider.framework */ = {isa = PBXFileReference; lastKnownFileType = wrapper.framework; path = DataProvider.framework; sourceTree = "<group>"; };
/* End PBXFileReference section */

/* Begin PBXFrameworksBuildPhase section */
		74B79251202B3254006BCB41 /* Frameworks */ = {
			isa = PBXFrameworksBuildPhase;
			buildActionMask = 2147483647;
			files = (
				C09E8B02262877CD00D56D86 /* DataProvider.framework in Frameworks */,
			);
			runOnlyForDeploymentPostprocessing = 0;
		};
/* End PBXFrameworksBuildPhase section */

/* Begin PBXGroup section */
		342A5F6127B64D840071B16E /* View */ = {
			isa = PBXGroup;
			children = (
				3425ED3F27B3A58200FCFD2B /* Launch Screen.storyboard */,
				3425ED4127B3A59100FCFD2B /* Main.storyboard */,
				341E312427B3CCA40092BB5C /* FeedTableViewCell.swift */,
				34B304A627B8264300DEC7CA /* PostCollectionViewCell.xib */,
				34B304A827B826B300DEC7CA /* PostCollectionViewCell.swift */,
				34F6E5F727BF7167003D3FC8 /* ProfileHeaderView.swift */,
			);
			path = View;
			sourceTree = "<group>";
		};
		342A5F6227B64DA00071B16E /* Controller */ = {
			isa = PBXGroup;
			children = (
				341E312027B3CC2E0092BB5C /* FeedViewController.swift */,
				342A5F6327B680650071B16E /* UserListViewController.swift */,
				342A5F5F27B597410071B16E /* ProfileViewController.swift */,
			);
			path = Controller;
			sourceTree = "<group>";
		};
		74B7924B202B3254006BCB41 = {
			isa = PBXGroup;
			children = (
				74B79256202B3254006BCB41 /* Course2FinalTask */,
				C09E8B00262877C600D56D86 /* DataProvider.framework */,
				74B79255202B3254006BCB41 /* Products */,
			);
			sourceTree = "<group>";
		};
		74B79255202B3254006BCB41 /* Products */ = {
			isa = PBXGroup;
			children = (
				74B79254202B3254006BCB41 /* Course2FinalTask.app */,
			);
			name = Products;
			sourceTree = "<group>";
		};
		74B79256202B3254006BCB41 /* Course2FinalTask */ = {
			isa = PBXGroup;
			children = (
				74B7927B202B3427006BCB41 /* Code */,
				74B7927C202B342E006BCB41 /* Resources */,
				74B7927D202B3434006BCB41 /* Supporting Files */,
			);
			path = Course2FinalTask;
			sourceTree = "<group>";
		};
		74B7927B202B3427006BCB41 /* Code */ = {
			isa = PBXGroup;
			children = (
				342A5F6227B64DA00071B16E /* Controller */,
				342A5F6127B64D840071B16E /* View */,
			);
			path = Code;
			sourceTree = "<group>";
		};
		74B7927C202B342E006BCB41 /* Resources */ = {
			isa = PBXGroup;
			children = (
				74B7925E202B3254006BCB41 /* Assets.xcassets */,
			);
			path = Resources;
			sourceTree = "<group>";
		};
		74B7927D202B3434006BCB41 /* Supporting Files */ = {
			isa = PBXGroup;
			children = (
				74B79257202B3254006BCB41 /* AppDelegate.swift */,
				74B79263202B3254006BCB41 /* Info.plist */,
			);
			path = "Supporting Files";
			sourceTree = "<group>";
		};
/* End PBXGroup section */

/* Begin PBXNativeTarget section */
		74B79253202B3254006BCB41 /* Course2FinalTask */ = {
			isa = PBXNativeTarget;
			buildConfigurationList = 74B79266202B3254006BCB41 /* Build configuration list for PBXNativeTarget "Course2FinalTask" */;
			buildPhases = (
				74B79250202B3254006BCB41 /* Sources */,
				74B79251202B3254006BCB41 /* Frameworks */,
				74B79252202B3254006BCB41 /* Resources */,
				74B7927A202B33EA006BCB41 /* Embed Frameworks */,
			);
			buildRules = (
			);
			dependencies = (
			);
			name = Course2FinalTask;
			productName = Course2Week3FinalTask;
			productReference = 74B79254202B3254006BCB41 /* Course2FinalTask.app */;
			productType = "com.apple.product-type.application";
		};
/* End PBXNativeTarget section */

/* Begin PBXProject section */
		74B7924C202B3254006BCB41 /* Project object */ = {
			isa = PBXProject;
			attributes = {
				LastSwiftUpdateCheck = 0920;
				LastUpgradeCheck = 1100;
				ORGANIZATIONNAME = "e-Legion";
				TargetAttributes = {
					74B79253202B3254006BCB41 = {
						CreatedOnToolsVersion = 9.2;
						LastSwiftMigration = 1100;
						ProvisioningStyle = Automatic;
					};
				};
			};
			buildConfigurationList = 74B7924F202B3254006BCB41 /* Build configuration list for PBXProject "Course2FinalTask" */;
			compatibilityVersion = "Xcode 8.0";
			developmentRegion = en;
			hasScannedForEncodings = 0;
			knownRegions = (
				en,
				Base,
			);
			mainGroup = 74B7924B202B3254006BCB41;
			productRefGroup = 74B79255202B3254006BCB41 /* Products */;
			projectDirPath = "";
			projectRoot = "";
			targets = (
				74B79253202B3254006BCB41 /* Course2FinalTask */,
			);
		};
/* End PBXProject section */

/* Begin PBXResourcesBuildPhase section */
		74B79252202B3254006BCB41 /* Resources */ = {
			isa = PBXResourcesBuildPhase;
			buildActionMask = 2147483647;
			files = (
				34B304A727B8264300DEC7CA /* PostCollectionViewCell.xib in Resources */,
				3425ED4227B3A59100FCFD2B /* Main.storyboard in Resources */,
				3425ED4027B3A58200FCFD2B /* Launch Screen.storyboard in Resources */,
				74B7925F202B3254006BCB41 /* Assets.xcassets in Resources */,
			);
			runOnlyForDeploymentPostprocessing = 0;
		};
/* End PBXResourcesBuildPhase section */

/* Begin PBXSourcesBuildPhase section */
		74B79250202B3254006BCB41 /* Sources */ = {
			isa = PBXSourcesBuildPhase;
			buildActionMask = 2147483647;
			files = (
				341E312127B3CC2E0092BB5C /* FeedViewController.swift in Sources */,
				74B79258202B3254006BCB41 /* AppDelegate.swift in Sources */,
				34B304A927B826B300DEC7CA /* PostCollectionViewCell.swift in Sources */,
				342A5F6027B597410071B16E /* ProfileViewController.swift in Sources */,
				34F6E5F827BF7167003D3FC8 /* ProfileHeaderView.swift in Sources */,
				341E312527B3CCA40092BB5C /* FeedTableViewCell.swift in Sources */,
				342A5F6427B680650071B16E /* UserListViewController.swift in Sources */,
			);
			runOnlyForDeploymentPostprocessing = 0;
		};
/* End PBXSourcesBuildPhase section */

/* Begin XCBuildConfiguration section */
		74B79264202B3254006BCB41 /* Debug */ = {
			isa = XCBuildConfiguration;
			buildSettings = {
				ALWAYS_SEARCH_USER_PATHS = NO;
				CLANG_ANALYZER_NONNULL = YES;
				CLANG_ANALYZER_NUMBER_OBJECT_CONVERSION = YES_AGGRESSIVE;
				CLANG_CXX_LANGUAGE_STANDARD = "gnu++14";
				CLANG_CXX_LIBRARY = "libc++";
				CLANG_ENABLE_MODULES = YES;
				CLANG_ENABLE_OBJC_ARC = YES;
				CLANG_WARN_BLOCK_CAPTURE_AUTORELEASING = YES;
				CLANG_WARN_BOOL_CONVERSION = YES;
				CLANG_WARN_COMMA = YES;
				CLANG_WARN_CONSTANT_CONVERSION = YES;
				CLANG_WARN_DEPRECATED_OBJC_IMPLEMENTATIONS = YES;
				CLANG_WARN_DIRECT_OBJC_ISA_USAGE = YES_ERROR;
				CLANG_WARN_DOCUMENTATION_COMMENTS = YES;
				CLANG_WARN_EMPTY_BODY = YES;
				CLANG_WARN_ENUM_CONVERSION = YES;
				CLANG_WARN_INFINITE_RECURSION = YES;
				CLANG_WARN_INT_CONVERSION = YES;
				CLANG_WARN_NON_LITERAL_NULL_CONVERSION = YES;
				CLANG_WARN_OBJC_IMPLICIT_RETAIN_SELF = YES;
				CLANG_WARN_OBJC_LITERAL_CONVERSION = YES;
				CLANG_WARN_OBJC_ROOT_CLASS = YES_ERROR;
				CLANG_WARN_RANGE_LOOP_ANALYSIS = YES;
				CLANG_WARN_STRICT_PROTOTYPES = YES;
				CLANG_WARN_SUSPICIOUS_MOVE = YES;
				CLANG_WARN_UNGUARDED_AVAILABILITY = YES_AGGRESSIVE;
				CLANG_WARN_UNREACHABLE_CODE = YES;
				CLANG_WARN__DUPLICATE_METHOD_MATCH = YES;
				CODE_SIGN_IDENTITY = "iPhone Developer";
				COPY_PHASE_STRIP = NO;
				DEBUG_INFORMATION_FORMAT = dwarf;
				ENABLE_STRICT_OBJC_MSGSEND = YES;
				ENABLE_TESTABILITY = YES;
				GCC_C_LANGUAGE_STANDARD = gnu11;
				GCC_DYNAMIC_NO_PIC = NO;
				GCC_NO_COMMON_BLOCKS = YES;
				GCC_OPTIMIZATION_LEVEL = 0;
				GCC_PREPROCESSOR_DEFINITIONS = (
					"DEBUG=1",
					"$(inherited)",
				);
				GCC_WARN_64_TO_32_BIT_CONVERSION = YES;
				GCC_WARN_ABOUT_RETURN_TYPE = YES_ERROR;
				GCC_WARN_UNDECLARED_SELECTOR = YES;
				GCC_WARN_UNINITIALIZED_AUTOS = YES_AGGRESSIVE;
				GCC_WARN_UNUSED_FUNCTION = YES;
				GCC_WARN_UNUSED_VARIABLE = YES;
				IPHONEOS_DEPLOYMENT_TARGET = 11.0;
				MTL_ENABLE_DEBUG_INFO = YES;
				ONLY_ACTIVE_ARCH = YES;
				SDKROOT = iphoneos;
				SWIFT_ACTIVE_COMPILATION_CONDITIONS = DEBUG;
				SWIFT_OPTIMIZATION_LEVEL = "-Onone";
			};
			name = Debug;
		};
		74B79265202B3254006BCB41 /* Release */ = {
			isa = XCBuildConfiguration;
			buildSettings = {
				ALWAYS_SEARCH_USER_PATHS = NO;
				CLANG_ANALYZER_NONNULL = YES;
				CLANG_ANALYZER_NUMBER_OBJECT_CONVERSION = YES_AGGRESSIVE;
				CLANG_CXX_LANGUAGE_STANDARD = "gnu++14";
				CLANG_CXX_LIBRARY = "libc++";
				CLANG_ENABLE_MODULES = YES;
				CLANG_ENABLE_OBJC_ARC = YES;
				CLANG_WARN_BLOCK_CAPTURE_AUTORELEASING = YES;
				CLANG_WARN_BOOL_CONVERSION = YES;
				CLANG_WARN_COMMA = YES;
				CLANG_WARN_CONSTANT_CONVERSION = YES;
				CLANG_WARN_DEPRECATED_OBJC_IMPLEMENTATIONS = YES;
				CLANG_WARN_DIRECT_OBJC_ISA_USAGE = YES_ERROR;
				CLANG_WARN_DOCUMENTATION_COMMENTS = YES;
				CLANG_WARN_EMPTY_BODY = YES;
				CLANG_WARN_ENUM_CONVERSION = YES;
				CLANG_WARN_INFINITE_RECURSION = YES;
				CLANG_WARN_INT_CONVERSION = YES;
				CLANG_WARN_NON_LITERAL_NULL_CONVERSION = YES;
				CLANG_WARN_OBJC_IMPLICIT_RETAIN_SELF = YES;
				CLANG_WARN_OBJC_LITERAL_CONVERSION = YES;
				CLANG_WARN_OBJC_ROOT_CLASS = YES_ERROR;
				CLANG_WARN_RANGE_LOOP_ANALYSIS = YES;
				CLANG_WARN_STRICT_PROTOTYPES = YES;
				CLANG_WARN_SUSPICIOUS_MOVE = YES;
				CLANG_WARN_UNGUARDED_AVAILABILITY = YES_AGGRESSIVE;
				CLANG_WARN_UNREACHABLE_CODE = YES;
				CLANG_WARN__DUPLICATE_METHOD_MATCH = YES;
				CODE_SIGN_IDENTITY = "iPhone Developer";
				COPY_PHASE_STRIP = NO;
				DEBUG_INFORMATION_FORMAT = "dwarf-with-dsym";
				ENABLE_NS_ASSERTIONS = NO;
				ENABLE_STRICT_OBJC_MSGSEND = YES;
				GCC_C_LANGUAGE_STANDARD = gnu11;
				GCC_NO_COMMON_BLOCKS = YES;
				GCC_WARN_64_TO_32_BIT_CONVERSION = YES;
				GCC_WARN_ABOUT_RETURN_TYPE = YES_ERROR;
				GCC_WARN_UNDECLARED_SELECTOR = YES;
				GCC_WARN_UNINITIALIZED_AUTOS = YES_AGGRESSIVE;
				GCC_WARN_UNUSED_FUNCTION = YES;
				GCC_WARN_UNUSED_VARIABLE = YES;
				IPHONEOS_DEPLOYMENT_TARGET = 11.0;
				MTL_ENABLE_DEBUG_INFO = NO;
				SDKROOT = iphoneos;
				SWIFT_OPTIMIZATION_LEVEL = "-Owholemodule";
				VALIDATE_PRODUCT = YES;
			};
			name = Release;
		};
		74B79267202B3254006BCB41 /* Debug */ = {
			isa = XCBuildConfiguration;
			buildSettings = {
				ASSETCATALOG_COMPILER_APPICON_NAME = AppIcon;
				"CODE_SIGN_IDENTITY[sdk=iphoneos*]" = "iPhone Developer";
				CODE_SIGN_STYLE = Automatic;
				DEVELOPMENT_TEAM = "";
				ENABLE_BITCODE = NO;
				FRAMEWORK_SEARCH_PATHS = (
					"$(inherited)",
					"$(PROJECT_DIR)",
				);
				INFOPLIST_FILE = "$(SRCROOT)/Course2FinalTask/Supporting Files/Info.plist";
				LD_RUNPATH_SEARCH_PATHS = "$(inherited) @executable_path/Frameworks";
				PRODUCT_BUNDLE_IDENTIFIER = eoshtanko.Course2FinalTask;
				PRODUCT_NAME = "$(TARGET_NAME)";
				PROVISIONING_PROFILE_SPECIFIER = "";
				SWIFT_VERSION = 5.0;
				TARGETED_DEVICE_FAMILY = 1;
			};
			name = Debug;
		};
		74B79268202B3254006BCB41 /* Release */ = {
			isa = XCBuildConfiguration;
			buildSettings = {
				ASSETCATALOG_COMPILER_APPICON_NAME = AppIcon;
				"CODE_SIGN_IDENTITY[sdk=iphoneos*]" = "iPhone Developer";
				CODE_SIGN_STYLE = Automatic;
				DEVELOPMENT_TEAM = "";
				ENABLE_BITCODE = NO;
				FRAMEWORK_SEARCH_PATHS = (
					"$(inherited)",
					"$(PROJECT_DIR)",
				);
				INFOPLIST_FILE = "$(SRCROOT)/Course2FinalTask/Supporting Files/Info.plist";
				LD_RUNPATH_SEARCH_PATHS = "$(inherited) @executable_path/Frameworks";
				PRODUCT_BUNDLE_IDENTIFIER = eoshtanko.Course2FinalTask;
				PRODUCT_NAME = "$(TARGET_NAME)";
				PROVISIONING_PROFILE_SPECIFIER = "";
				SWIFT_VERSION = 5.0;
				TARGETED_DEVICE_FAMILY = 1;
			};
			name = Release;
		};
/* End XCBuildConfiguration section */

/* Begin XCConfigurationList section */
		74B7924F202B3254006BCB41 /* Build configuration list for PBXProject "Course2FinalTask" */ = {
			isa = XCConfigurationList;
			buildConfigurations = (
				74B79264202B3254006BCB41 /* Debug */,
				74B79265202B3254006BCB41 /* Release */,
			);
			defaultConfigurationIsVisible = 0;
			defaultConfigurationName = Release;
		};
		74B79266202B3254006BCB41 /* Build configuration list for PBXNativeTarget "Course2FinalTask" */ = {
			isa = XCConfigurationList;
			buildConfigurations = (
				74B79267202B3254006BCB41 /* Debug */,
				74B79268202B3254006BCB41 /* Release */,
			);
			defaultConfigurationIsVisible = 0;
			defaultConfigurationName = Release;
		};
/* End XCConfigurationList section */
	};
	rootObject = 74B7924C202B3254006BCB41 /* Project object */;
}
